
Microsoft Visual Studio Solution File, Format Version 12.00
# Visual Studio Version 16
VisualStudioVersion = 16.0.31410.357
MinimumVisualStudioVersion = 10.0.40219.1
Project("{FAE04EC0-301F-11D3-BF4B-00C04F79EFBC}") = "CRUD", "CRUD\CRUD.csproj", "{8E448CB0-4D70-4B21-A830-6367782FB0ED}"
EndProject
Global
	GlobalSection(SolutionConfigurationPlatforms) = preSolution
		Debug|Any CPU = Debug|Any CPU
		Release|Any CPU = Release|Any CPU
	EndGlobalSection
	GlobalSection(ProjectConfigurationPlatforms) = postSolution
		{8E448CB0-4D70-4B21-A830-6367782FB0ED}.Debug|Any CPU.ActiveCfg = Debug|Any CPU
		{8E448CB0-4D70-4B21-A830-6367782FB0ED}.Debug|Any CPU.Build.0 = Debug|Any CPU
		{8E448CB0-4D70-4B21-A830-6367782FB0ED}.Release|Any CPU.ActiveCfg = Release|Any CPU
		{8E448CB0-4D70-4B21-A830-6367782FB0ED}.Release|Any CPU.Build.0 = Release|Any CPU
	EndGlobalSection
	GlobalSection(SolutionProperties) = preSolution
		HideSolutionNode = FALSE
	EndGlobalSection
	GlobalSection(ExtensibilityGlobals) = postSolution
		SolutionGuid = {27E4B1DF-5581-4C81-BF80-2BFCE5A21010}
	EndGlobalSection
EndGlobal
